{
  "name": "Chapter - 3",
  "lockfileVersion": 3,
  "requires": true,
  "packages": {
    "": {
      "dependencies": {
        "@electric-sql/pglite": "^0.5.2"
      }
    },
    "node_modules/@electric-sql/pglite": {
      "version": "0.5.2",
      "resolved": "https://registry.npmjs.org/@electric-sql/pglite/-/pglite-0.5.2.tgz",
      "integrity": "sha512-y6ySdFE7FQB7BkVaSNaPINgY7mXCyvi+3GQB5ySX9WGwgrdh31WXMP5RM40oAyYff47lIr7xdcW8UbCW5NHDmw==",
      "license": "Apache-2.0"
    }
  }
}
